
Microsoft Visual Studio Solution File, Format Version 12.00
# Visual Studio Version 17
VisualStudioVersion = 17.9.34701.34
MinimumVisualStudioVersion = 10.0.40219.1
Project("{2150E333-8FDC-42A3-9474-1A3956D46DE8}") = "src", "src", "{CFC06FA5-0E9B-4886-A751-BCC2852D776A}"
EndProject
Project("{2150E333-8FDC-42A3-9474-1A3956D46DE8}") = "Todos.Domain", "Todos.Domain", "{8FFDB1C0-7846-4D2F-9C51-B61D65EA924B}"
EndProject
Project("{2150E333-8FDC-42A3-9474-1A3956D46DE8}") = "Todos.DataContext", "Todos.DataContext", "{20B833A4-B3E6-4133-A229-FDE5492ABE65}"
EndProject
Project("{9A19103F-16F7-4668-BE54-9A1E7A4F7556}") = "Todos.Api", "Todos.Api\Todos.Api.csproj", "{E11C7261-0B77-430C-9E6C-C300C1E85B5E}"
EndProject
Project("{9A19103F-16F7-4668-BE54-9A1E7A4F7556}") = "Todos.Domain", "Todos.Domain\Todos.Domain.csproj", "{B4782560-A948-4D0B-B2BE-775A92DBCA1B}"
EndProject
Project("{9A19103F-16F7-4668-BE54-9A1E7A4F7556}") = "Todos.DataContext", "Todos.DataContext\Todos.DataContext.csproj", "{06482BA6-8763-4205-9D18-482652FAA32B}"
EndProject
Project("{2150E333-8FDC-42A3-9474-1A3956D46DE8}") = "Todos.Repository", "Todos.Repository", "{8E4B0F6F-FF26-4AFB-A99A-775D80EC27B9}"
EndProject
Project("{9A19103F-16F7-4668-BE54-9A1E7A4F7556}") = "Todos.Repository", "Todos.Repository\Todos.Repository.csproj", "{19BC5501-0CD7-4A9D-BC4F-8CF04CE583D7}"
EndProject
Project("{2150E333-8FDC-42A3-9474-1A3956D46DE8}") = "Todos.Service", "Todos.Service", "{3ACD2948-1B5A-4288-9F2E-BF9773505B5D}"
EndProject
Project("{9A19103F-16F7-4668-BE54-9A1E7A4F7556}") = "TodosService", "TodosService\TodosService.csproj", "{CFBFD19C-E73C-49FE-90DF-61D53FFCD709}"
EndProject
Project("{2150E333-8FDC-42A3-9474-1A3956D46DE8}") = "Utilities", "Utilities", "{67946B92-BA13-4BBC-92D8-81546FC806D9}"
EndProject
Project("{9A19103F-16F7-4668-BE54-9A1E7A4F7556}") = "Utilitities", "Utilitities\Utilitities.csproj", "{21D11EA3-A62E-4CC3-8A8E-5E61F2545901}"
EndProject
Project("{2150E333-8FDC-42A3-9474-1A3956D46DE8}") = "Todos.UnitTesting", "Todos.UnitTesting", "{BEC2350C-BA51-4BC7-8372-49096D02648F}"
EndProject
Project("{9A19103F-16F7-4668-BE54-9A1E7A4F7556}") = "Todo.UnitTesting", "Todo.UnitTesting\Todo.UnitTesting.csproj", "{90004C24-3BD8-464A-A9A9-4E0F82DE8BEB}"
EndProject
Project("{2150E333-8FDC-42A3-9474-1A3956D46DE8}") = "Part2", "Part2", "{478E040B-9ACC-4FCF-9CEF-B64DBFAEEB47}"
	ProjectSection(SolutionItems) = preProject
		Part2.txt = Part2.txt
	EndProjectSection
EndProject
Global
	GlobalSection(SolutionConfigurationPlatforms) = preSolution
		Debug|Any CPU = Debug|Any CPU
		Release|Any CPU = Release|Any CPU
	EndGlobalSection
	GlobalSection(ProjectConfigurationPlatforms) = postSolution
		{E11C7261-0B77-430C-9E6C-C300C1E85B5E}.Debug|Any CPU.ActiveCfg = Debug|Any CPU
		{E11C7261-0B77-430C-9E6C-C300C1E85B5E}.Debug|Any CPU.Build.0 = Debug|Any CPU
		{E11C7261-0B77-430C-9E6C-C300C1E85B5E}.Release|Any CPU.ActiveCfg = Release|Any CPU
		{E11C7261-0B77-430C-9E6C-C300C1E85B5E}.Release|Any CPU.Build.0 = Release|Any CPU
		{B4782560-A948-4D0B-B2BE-775A92DBCA1B}.Debug|Any CPU.ActiveCfg = Debug|Any CPU
		{B4782560-A948-4D0B-B2BE-775A92DBCA1B}.Debug|Any CPU.Build.0 = Debug|Any CPU
		{B4782560-A948-4D0B-B2BE-775A92DBCA1B}.Release|Any CPU.ActiveCfg = Release|Any CPU
		{B4782560-A948-4D0B-B2BE-775A92DBCA1B}.Release|Any CPU.Build.0 = Release|Any CPU
		{06482BA6-8763-4205-9D18-482652FAA32B}.Debug|Any CPU.ActiveCfg = Debug|Any CPU
		{06482BA6-8763-4205-9D18-482652FAA32B}.Debug|Any CPU.Build.0 = Debug|Any CPU
		{06482BA6-8763-4205-9D18-482652FAA32B}.Release|Any CPU.ActiveCfg = Release|Any CPU
		{06482BA6-8763-4205-9D18-482652FAA32B}.Release|Any CPU.Build.0 = Release|Any CPU
		{19BC5501-0CD7-4A9D-BC4F-8CF04CE583D7}.Debug|Any CPU.ActiveCfg = Debug|Any CPU
		{19BC5501-0CD7-4A9D-BC4F-8CF04CE583D7}.Debug|Any CPU.Build.0 = Debug|Any CPU
		{19BC5501-0CD7-4A9D-BC4F-8CF04CE583D7}.Release|Any CPU.ActiveCfg = Release|Any CPU
		{19BC5501-0CD7-4A9D-BC4F-8CF04CE583D7}.Release|Any CPU.Build.0 = Release|Any CPU
		{CFBFD19C-E73C-49FE-90DF-61D53FFCD709}.Debug|Any CPU.ActiveCfg = Debug|Any CPU
		{CFBFD19C-E73C-49FE-90DF-61D53FFCD709}.Debug|Any CPU.Build.0 = Debug|Any CPU
		{CFBFD19C-E73C-49FE-90DF-61D53FFCD709}.Release|Any CPU.ActiveCfg = Release|Any CPU
		{CFBFD19C-E73C-49FE-90DF-61D53FFCD709}.Release|Any CPU.Build.0 = Release|Any CPU
		{21D11EA3-A62E-4CC3-8A8E-5E61F2545901}.Debug|Any CPU.ActiveCfg = Debug|Any CPU
		{21D11EA3-A62E-4CC3-8A8E-5E61F2545901}.Debug|Any CPU.Build.0 = Debug|Any CPU
		{21D11EA3-A62E-4CC3-8A8E-5E61F2545901}.Release|Any CPU.ActiveCfg = Release|Any CPU
		{21D11EA3-A62E-4CC3-8A8E-5E61F2545901}.Release|Any CPU.Build.0 = Release|Any CPU
		{90004C24-3BD8-464A-A9A9-4E0F82DE8BEB}.Debug|Any CPU.ActiveCfg = Debug|Any CPU
		{90004C24-3BD8-464A-A9A9-4E0F82DE8BEB}.Debug|Any CPU.Build.0 = Debug|Any CPU
		{90004C24-3BD8-464A-A9A9-4E0F82DE8BEB}.Release|Any CPU.ActiveCfg = Release|Any CPU
		{90004C24-3BD8-464A-A9A9-4E0F82DE8BEB}.Release|Any CPU.Build.0 = Release|Any CPU
	EndGlobalSection
	GlobalSection(SolutionProperties) = preSolution
		HideSolutionNode = FALSE
	EndGlobalSection
	GlobalSection(NestedProjects) = preSolution
		{8FFDB1C0-7846-4D2F-9C51-B61D65EA924B} = {CFC06FA5-0E9B-4886-A751-BCC2852D776A}
		{20B833A4-B3E6-4133-A229-FDE5492ABE65} = {CFC06FA5-0E9B-4886-A751-BCC2852D776A}
		{B4782560-A948-4D0B-B2BE-775A92DBCA1B} = {8FFDB1C0-7846-4D2F-9C51-B61D65EA924B}
		{06482BA6-8763-4205-9D18-482652FAA32B} = {20B833A4-B3E6-4133-A229-FDE5492ABE65}
		{8E4B0F6F-FF26-4AFB-A99A-775D80EC27B9} = {CFC06FA5-0E9B-4886-A751-BCC2852D776A}
		{19BC5501-0CD7-4A9D-BC4F-8CF04CE583D7} = {8E4B0F6F-FF26-4AFB-A99A-775D80EC27B9}
		{3ACD2948-1B5A-4288-9F2E-BF9773505B5D} = {CFC06FA5-0E9B-4886-A751-BCC2852D776A}
		{CFBFD19C-E73C-49FE-90DF-61D53FFCD709} = {3ACD2948-1B5A-4288-9F2E-BF9773505B5D}
		{67946B92-BA13-4BBC-92D8-81546FC806D9} = {CFC06FA5-0E9B-4886-A751-BCC2852D776A}
		{21D11EA3-A62E-4CC3-8A8E-5E61F2545901} = {67946B92-BA13-4BBC-92D8-81546FC806D9}
		{BEC2350C-BA51-4BC7-8372-49096D02648F} = {CFC06FA5-0E9B-4886-A751-BCC2852D776A}
		{90004C24-3BD8-464A-A9A9-4E0F82DE8BEB} = {BEC2350C-BA51-4BC7-8372-49096D02648F}
		{478E040B-9ACC-4FCF-9CEF-B64DBFAEEB47} = {CFC06FA5-0E9B-4886-A751-BCC2852D776A}
	EndGlobalSection
	GlobalSection(ExtensibilityGlobals) = postSolution
		SolutionGuid = {CA60679E-9534-4049-A370-BE3C32A535BE}
	EndGlobalSection
EndGlobal
